// !$*UTF8*$!
{
	archiveVersion = 1;
	classes = {
	};
	objectVersion = 50;
	objects = {

/* Begin PBXBuildFile section */
		BB4997EA2627552F003A1FA3 /* MapView.swift in Sources */ = {isa = PBXBuildFile; fileRef = BB4997E92627552F003A1FA3 /* MapView.swift */; };
		BB4997EB2627552F003A1FA3 /* MapView.swift in Sources */ = {isa = PBXBuildFile; fileRef = BB4997E92627552F003A1FA3 /* MapView.swift */; };
		BB49BB41261F4F9000A708A2 /* HWS_Project_14App.swift in Sources */ = {isa = PBXBuildFile; fileRef = BB49BB2E261F4F8F00A708A2 /* HWS_Project_14App.swift */; };
		BB49BB42261F4F9000A708A2 /* HWS_Project_14App.swift in Sources */ = {isa = PBXBuildFile; fileRef = BB49BB2E261F4F8F00A708A2 /* HWS_Project_14App.swift */; };
		BB49BB43261F4F9000A708A2 /* ContentView.swift in Sources */ = {isa = PBXBuildFile; fileRef = BB49BB2F261F4F8F00A708A2 /* ContentView.swift */; };
		BB49BB44261F4F9000A708A2 /* ContentView.swift in Sources */ = {isa = PBXBuildFile; fileRef = BB49BB2F261F4F8F00A708A2 /* ContentView.swift */; };
		BB49BB45261F4F9000A708A2 /* Assets.xcassets in Resources */ = {isa = PBXBuildFile; fileRef = BB49BB30261F4F9000A708A2 /* Assets.xcassets */; };
		BB49BB46261F4F9000A708A2 /* Assets.xcassets in Resources */ = {isa = PBXBuildFile; fileRef = BB49BB30261F4F9000A708A2 /* Assets.xcassets */; };
/* End PBXBuildFile section */

/* Begin PBXFileReference section */
		BB4997E92627552F003A1FA3 /* MapView.swift */ = {isa = PBXFileReference; lastKnownFileType = sourcecode.swift; path = MapView.swift; sourceTree = "<group>"; };
		BB49BB2E261F4F8F00A708A2 /* HWS_Project_14App.swift */ = {isa = PBXFileReference; lastKnownFileType = sourcecode.swift; path = HWS_Project_14App.swift; sourceTree = "<group>"; };
		BB49BB2F261F4F8F00A708A2 /* ContentView.swift */ = {isa = PBXFileReference; lastKnownFileType = sourcecode.swift; path = ContentView.swift; sourceTree = "<group>"; };
		BB49BB30261F4F9000A708A2 /* Assets.xcassets */ = {isa = PBXFileReference; lastKnownFileType = folder.assetcatalog; path = Assets.xcassets; sourceTree = "<group>"; };
		BB49BB35261F4F9000A708A2 /* HWS Project 14.app */ = {isa = PBXFileReference; explicitFileType = wrapper.application; includeInIndex = 0; path = "HWS Project 14.app"; sourceTree = BUILT_PRODUCTS_DIR; };
		BB49BB38261F4F9000A708A2 /* Info.plist */ = {isa = PBXFileReference; lastKnownFileType = text.plist.xml; path = Info.plist; sourceTree = "<group>"; };
		BB49BB3D261F4F9000A708A2 /* HWS Project 14.app */ = {isa = PBXFileReference; explicitFileType = wrapper.application; includeInIndex = 0; path = "HWS Project 14.app"; sourceTree = BUILT_PRODUCTS_DIR; };
		BB49BB3F261F4F9000A708A2 /* Info.plist */ = {isa = PBXFileReference; lastKnownFileType = text.plist.xml; path = Info.plist; sourceTree = "<group>"; };
		BB49BB40261F4F9000A708A2 /* macOS.entitlements */ = {isa = PBXFileReference; lastKnownFileType = text.plist.entitlements; path = macOS.entitlements; sourceTree = "<group>"; };
/* End PBXFileReference section */

/* Begin PBXFrameworksBuildPhase section */
		BB49BB32261F4F9000A708A2 /* Frameworks */ = {
			isa = PBXFrameworksBuildPhase;
			buildActionMask = 2147483647;
			files = (
			);
			runOnlyForDeploymentPostprocessing = 0;
		};
		BB49BB3A261F4F9000A708A2 /* Frameworks */ = {
			isa = PBXFrameworksBuildPhase;
			buildActionMask = 2147483647;
			files = (
			);
			runOnlyForDeploymentPostprocessing = 0;
		};
/* End PBXFrameworksBuildPhase section */

/* Begin PBXGroup section */
		BB49BB28261F4F8F00A708A2 = {
			isa = PBXGroup;
			children = (
				BB49BB2D261F4F8F00A708A2 /* Shared */,
				BB49BB37261F4F9000A708A2 /* iOS */,
				BB49BB3E261F4F9000A708A2 /* macOS */,
				BB49BB36261F4F9000A708A2 /* Products */,
			);
			sourceTree = "<group>";
		};
		BB49BB2D261F4F8F00A708A2 /* Shared */ = {
			isa = PBXGroup;
			children = (
				BB49BB2E261F4F8F00A708A2 /* HWS_Project_14App.swift */,
				BB49BB2F261F4F8F00A708A2 /* ContentView.swift */,
				BB4997E92627552F003A1FA3 /* MapView.swift */,
				BB49BB30261F4F9000A708A2 /* Assets.xcassets */,
			);
			path = Shared;
			sourceTree = "<group>";
		};
		BB49BB36261F4F9000A708A2 /* Products */ = {
			isa = PBXGroup;
			children = (
				BB49BB35261F4F9000A708A2 /* HWS Project 14.app */,
				BB49BB3D261F4F9000A708A2 /* HWS Project 14.app */,
			);
			name = Products;
			sourceTree = "<group>";
		};
		BB49BB37261F4F9000A708A2 /* iOS */ = {
			isa = PBXGroup;
			children = (
				BB49BB38261F4F9000A708A2 /* Info.plist */,
			);
			path = iOS;
			sourceTree = "<group>";
		};
		BB49BB3E261F4F9000A708A2 /* macOS */ = {
			isa = PBXGroup;
			children = (
				BB49BB3F261F4F9000A708A2 /* Info.plist */,
				BB49BB40261F4F9000A708A2 /* macOS.entitlements */,
			);
			path = macOS;
			sourceTree = "<group>";
		};
/* End PBXGroup section */

/* Begin PBXNativeTarget section */
		BB49BB34261F4F9000A708A2 /* HWS Project 14 (iOS) */ = {
			isa = PBXNativeTarget;
			buildConfigurationList = BB49BB49261F4F9000A708A2 /* Build configuration list for PBXNativeTarget "HWS Project 14 (iOS)" */;
			buildPhases = (
				BB49BB31261F4F9000A708A2 /* Sources */,
				BB49BB32261F4F9000A708A2 /* Frameworks */,
				BB49BB33261F4F9000A708A2 /* Resources */,
			);
			buildRules = (
			);
			dependencies = (
			);
			name = "HWS Project 14 (iOS)";
			productName = "HWS Project 14 (iOS)";
			productReference = BB49BB35261F4F9000A708A2 /* HWS Project 14.app */;
			productType = "com.apple.product-type.application";
		};
		BB49BB3C261F4F9000A708A2 /* HWS Project 14 (macOS) */ = {
			isa = PBXNativeTarget;
			buildConfigurationList = BB49BB4C261F4F9000A708A2 /* Build configuration list for PBXNativeTarget "HWS Project 14 (macOS)" */;
			buildPhases = (
				BB49BB39261F4F9000A708A2 /* Sources */,
				BB49BB3A261F4F9000A708A2 /* Frameworks */,
				BB49BB3B261F4F9000A708A2 /* Resources */,
			);
			buildRules = (
			);
			dependencies = (
			);
			name = "HWS Project 14 (macOS)";
			productName = "HWS Project 14 (macOS)";
			productReference = BB49BB3D261F4F9000A708A2 /* HWS Project 14.app */;
			productType = "com.apple.product-type.application";
		};
/* End PBXNativeTarget section */

/* Begin PBXProject section */
		BB49BB29261F4F8F00A708A2 /* Project object */ = {
			isa = PBXProject;
			attributes = {
				LastSwiftUpdateCheck = 1240;
				LastUpgradeCheck = 1240;
				TargetAttributes = {
					BB49BB34261F4F9000A708A2 = {
						CreatedOnToolsVersion = 12.4;
					};
					BB49BB3C261F4F9000A708A2 = {
						CreatedOnToolsVersion = 12.4;
					};
				};
			};
			buildConfigurationList = BB49BB2C261F4F8F00A708A2 /* Build configuration list for PBXProject "HWS Project 14" */;
			compatibilityVersion = "Xcode 9.3";
			developmentRegion = en;
			hasScannedForEncodings = 0;
			knownRegions = (
				en,
				Base,
			);
			mainGroup = BB49BB28261F4F8F00A708A2;
			productRefGroup = BB49BB36261F4F9000A708A2 /* Products */;
			projectDirPath = "";
			projectRoot = "";
			targets = (
				BB49BB34261F4F9000A708A2 /* HWS Project 14 (iOS) */,
				BB49BB3C261F4F9000A708A2 /* HWS Project 14 (macOS) */,
			);
		};
/* End PBXProject section */

/* Begin PBXResourcesBuildPhase section */
		BB49BB33261F4F9000A708A2 /* Resources */ = {
			isa = PBXResourcesBuildPhase;
			buildActionMask = 2147483647;
			files = (
				BB49BB45261F4F9000A708A2 /* Assets.xcassets in Resources */,
			);
			runOnlyForDeploymentPostprocessing = 0;
		};
		BB49BB3B261F4F9000A708A2 /* Resources */ = {
			isa = PBXResourcesBuildPhase;
			buildActionMask = 2147483647;
			files = (
				BB49BB46261F4F9000A708A2 /* Assets.xcassets in Resources */,
			);
			runOnlyForDeploymentPostprocessing = 0;
		};
/* End PBXResourcesBuildPhase section */

/* Begin PBXSourcesBuildPhase section */
		BB49BB31261F4F9000A708A2 /* Sources */ = {
			isa = PBXSourcesBuildPhase;
			buildActionMask = 2147483647;
			files = (
				BB49BB43261F4F9000A708A2 /* ContentView.swift in Sources */,
				BB4997EA2627552F003A1FA3 /* MapView.swift in Sources */,
				BB49BB41261F4F9000A708A2 /* HWS_Project_14App.swift in Sources */,
			);
			runOnlyForDeploymentPostprocessing = 0;
		};
		BB49BB39261F4F9000A708A2 /* Sources */ = {
			isa = PBXSourcesBuildPhase;
			buildActionMask = 2147483647;
			files = (
				BB49BB44261F4F9000A708A2 /* ContentView.swift in Sources */,
				BB4997EB2627552F003A1FA3 /* MapView.swift in Sources */,
				BB49BB42261F4F9000A708A2 /* HWS_Project_14App.swift in Sources */,
			);
			runOnlyForDeploymentPostprocessing = 0;
		};
/* End PBXSourcesBuildPhase section */

/* Begin XCBuildConfiguration section */
		BB49BB47261F4F9000A708A2 /* Debug */ = {
			isa = XCBuildConfiguration;
			buildSettings = {
				ALWAYS_SEARCH_USER_PATHS = NO;
				CLANG_ANALYZER_NONNULL = YES;
				CLANG_ANALYZER_NUMBER_OBJECT_CONVERSION = YES_AGGRESSIVE;
				CLANG_CXX_LANGUAGE_STANDARD = "gnu++14";
				CLANG_CXX_LIBRARY = "libc++";
				CLANG_ENABLE_MODULES = YES;
				CLANG_ENABLE_OBJC_ARC = YES;
				CLANG_ENABLE_OBJC_WEAK = YES;
				CLANG_WARN_BLOCK_CAPTURE_AUTORELEASING = YES;
				CLANG_WARN_BOOL_CONVERSION = YES;
				CLANG_WARN_COMMA = YES;
				CLANG_WARN_CONSTANT_CONVERSION = YES;
				CLANG_WARN_DEPRECATED_OBJC_IMPLEMENTATIONS = YES;
				CLANG_WARN_DIRECT_OBJC_ISA_USAGE = YES_ERROR;
				CLANG_WARN_DOCUMENTATION_COMMENTS = YES;
				CLANG_WARN_EMPTY_BODY = YES;
				CLANG_WARN_ENUM_CONVERSION = YES;
				CLANG_WARN_INFINITE_RECURSION = YES;
				CLANG_WARN_INT_CONVERSION = YES;
				CLANG_WARN_NON_LITERAL_NULL_CONVERSION = YES;
				CLANG_WARN_OBJC_IMPLICIT_RETAIN_SELF = YES;
				CLANG_WARN_OBJC_LITERAL_CONVERSION = YES;
				CLANG_WARN_OBJC_ROOT_CLASS = YES_ERROR;
				CLANG_WARN_QUOTED_INCLUDE_IN_FRAMEWORK_HEADER = YES;
				CLANG_WARN_RANGE_LOOP_ANALYSIS = YES;
				CLANG_WARN_STRICT_PROTOTYPES = YES;
				CLANG_WARN_SUSPICIOUS_MOVE = YES;
				CLANG_WARN_UNGUARDED_AVAILABILITY = YES_AGGRESSIVE;
				CLANG_WARN_UNREACHABLE_CODE = YES;
				CLANG_WARN__DUPLICATE_METHOD_MATCH = YES;
				COPY_PHASE_STRIP = NO;
				DEBUG_INFORMATION_FORMAT = dwarf;
				ENABLE_STRICT_OBJC_MSGSEND = YES;
				ENABLE_TESTABILITY = YES;
				GCC_C_LANGUAGE_STANDARD = gnu11;
				GCC_DYNAMIC_NO_PIC = NO;
				GCC_NO_COMMON_BLOCKS = YES;
				GCC_OPTIMIZATION_LEVEL = 0;
				GCC_PREPROCESSOR_DEFINITIONS = (
					"DEBUG=1",
					"$(inherited)",
				);
				GCC_WARN_64_TO_32_BIT_CONVERSION = YES;
				GCC_WARN_ABOUT_RETURN_TYPE = YES_ERROR;
				GCC_WARN_UNDECLARED_SELECTOR = YES;
				GCC_WARN_UNINITIALIZED_AUTOS = YES_AGGRESSIVE;
				GCC_WARN_UNUSED_FUNCTION = YES;
				GCC_WARN_UNUSED_VARIABLE = YES;
				MTL_ENABLE_DEBUG_INFO = INCLUDE_SOURCE;
				MTL_FAST_MATH = YES;
				ONLY_ACTIVE_ARCH = YES;
				SWIFT_ACTIVE_COMPILATION_CONDITIONS = DEBUG;
				SWIFT_OPTIMIZATION_LEVEL = "-Onone";
			};
			name = Debug;
		};
		BB49BB48261F4F9000A708A2 /* Release */ = {
			isa = XCBuildConfiguration;
			buildSettings = {
				ALWAYS_SEARCH_USER_PATHS = NO;
				CLANG_ANALYZER_NONNULL = YES;
				CLANG_ANALYZER_NUMBER_OBJECT_CONVERSION = YES_AGGRESSIVE;
				CLANG_CXX_LANGUAGE_STANDARD = "gnu++14";
				CLANG_CXX_LIBRARY = "libc++";
				CLANG_ENABLE_MODULES = YES;
				CLANG_ENABLE_OBJC_ARC = YES;
				CLANG_ENABLE_OBJC_WEAK = YES;
				CLANG_WARN_BLOCK_CAPTURE_AUTORELEASING = YES;
				CLANG_WARN_BOOL_CONVERSION = YES;
				CLANG_WARN_COMMA = YES;
				CLANG_WARN_CONSTANT_CONVERSION = YES;
				CLANG_WARN_DEPRECATED_OBJC_IMPLEMENTATIONS = YES;
				CLANG_WARN_DIRECT_OBJC_ISA_USAGE = YES_ERROR;
				CLANG_WARN_DOCUMENTATION_COMMENTS = YES;
				CLANG_WARN_EMPTY_BODY = YES;
				CLANG_WARN_ENUM_CONVERSION = YES;
				CLANG_WARN_INFINITE_RECURSION = YES;
				CLANG_WARN_INT_CONVERSION = YES;
				CLANG_WARN_NON_LITERAL_NULL_CONVERSION = YES;
				CLANG_WARN_OBJC_IMPLICIT_RETAIN_SELF = YES;
				CLANG_WARN_OBJC_LITERAL_CONVERSION = YES;
				CLANG_WARN_OBJC_ROOT_CLASS = YES_ERROR;
				CLANG_WARN_QUOTED_INCLUDE_IN_FRAMEWORK_HEADER = YES;
				CLANG_WARN_RANGE_LOOP_ANALYSIS = YES;
				CLANG_WARN_STRICT_PROTOTYPES = YES;
				CLANG_WARN_SUSPICIOUS_MOVE = YES;
				CLANG_WARN_UNGUARDED_AVAILABILITY = YES_AGGRESSIVE;
				CLANG_WARN_UNREACHABLE_CODE = YES;
				CLANG_WARN__DUPLICATE_METHOD_MATCH = YES;
				COPY_PHASE_STRIP = NO;
				DEBUG_INFORMATION_FORMAT = "dwarf-with-dsym";
				ENABLE_NS_ASSERTIONS = NO;
				ENABLE_STRICT_OBJC_MSGSEND = YES;
				GCC_C_LANGUAGE_STANDARD = gnu11;
				GCC_NO_COMMON_BLOCKS = YES;
				GCC_WARN_64_TO_32_BIT_CONVERSION = YES;
				GCC_WARN_ABOUT_RETURN_TYPE = YES_ERROR;
				GCC_WARN_UNDECLARED_SELECTOR = YES;
				GCC_WARN_UNINITIALIZED_AUTOS = YES_AGGRESSIVE;
				GCC_WARN_UNUSED_FUNCTION = YES;
				GCC_WARN_UNUSED_VARIABLE = YES;
				MTL_ENABLE_DEBUG_INFO = NO;
				MTL_FAST_MATH = YES;
				SWIFT_COMPILATION_MODE = wholemodule;
				SWIFT_OPTIMIZATION_LEVEL = "-O";
			};
			name = Release;
		};
		BB49BB4A261F4F9000A708A2 /* Debug */ = {
			isa = XCBuildConfiguration;
			buildSettings = {
				ASSETCATALOG_COMPILER_APPICON_NAME = AppIcon;
				ASSETCATALOG_COMPILER_GLOBAL_ACCENT_COLOR_NAME = AccentColor;
				CODE_SIGN_STYLE = Automatic;
				DEVELOPMENT_TEAM = 66TVRTPQ3V;
				ENABLE_PREVIEWS = YES;
				INFOPLIST_FILE = iOS/Info.plist;
				IPHONEOS_DEPLOYMENT_TARGET = 14.0;
				LD_RUNPATH_SEARCH_PATHS = (
					"$(inherited)",
					"@executable_path/Frameworks",
				);
				PRODUCT_BUNDLE_IDENTIFIER = "Dustin.V01D.Olsen.HWS-Project-14";
				PRODUCT_NAME = "HWS Project 14";
				SDKROOT = iphoneos;
				SWIFT_VERSION = 5.0;
				TARGETED_DEVICE_FAMILY = "1,2";
			};
			name = Debug;
		};
		BB49BB4B261F4F9000A708A2 /* Release */ = {
			isa = XCBuildConfiguration;
			buildSettings = {
				ASSETCATALOG_COMPILER_APPICON_NAME = AppIcon;
				ASSETCATALOG_COMPILER_GLOBAL_ACCENT_COLOR_NAME = AccentColor;
				CODE_SIGN_STYLE = Automatic;
				DEVELOPMENT_TEAM = 66TVRTPQ3V;
				ENABLE_PREVIEWS = YES;
				INFOPLIST_FILE = iOS/Info.plist;
				IPHONEOS_DEPLOYMENT_TARGET = 14.0;
				LD_RUNPATH_SEARCH_PATHS = (
					"$(inherited)",
					"@executable_path/Frameworks",
				);
				PRODUCT_BUNDLE_IDENTIFIER = "Dustin.V01D.Olsen.HWS-Project-14";
				PRODUCT_NAME = "HWS Project 14";
				SDKROOT = iphoneos;
				SWIFT_VERSION = 5.0;
				TARGETED_DEVICE_FAMILY = "1,2";
				VALIDATE_PRODUCT = YES;
			};
			name = Release;
		};
		BB49BB4D261F4F9000A708A2 /* Debug */ = {
			isa = XCBuildConfiguration;
			buildSettings = {
				ASSETCATALOG_COMPILER_APPICON_NAME = AppIcon;
				ASSETCATALOG_COMPILER_GLOBAL_ACCENT_COLOR_NAME = AccentColor;
				CODE_SIGN_ENTITLEMENTS = macOS/macOS.entitlements;
				CODE_SIGN_STYLE = Automatic;
				COMBINE_HIDPI_IMAGES = YES;
				DEVELOPMENT_TEAM = 66TVRTPQ3V;
				ENABLE_HARDENED_RUNTIME = YES;
				ENABLE_PREVIEWS = YES;
				INFOPLIST_FILE = macOS/Info.plist;
				LD_RUNPATH_SEARCH_PATHS = (
					"$(inherited)",
					"@executable_path/../Frameworks",
				);
				MACOSX_DEPLOYMENT_TARGET = 11.0;
				PRODUCT_BUNDLE_IDENTIFIER = "Dustin.V01D.Olsen.HWS-Project-14";
				PRODUCT_NAME = "HWS Project 14";
				SDKROOT = macosx;
				SWIFT_VERSION = 5.0;
			};
			name = Debug;
		};
		BB49BB4E261F4F9000A708A2 /* Release */ = {
			isa = XCBuildConfiguration;
			buildSettings = {
				ASSETCATALOG_COMPILER_APPICON_NAME = AppIcon;
				ASSETCATALOG_COMPILER_GLOBAL_ACCENT_COLOR_NAME = AccentColor;
				CODE_SIGN_ENTITLEMENTS = macOS/macOS.entitlements;
				CODE_SIGN_STYLE = Automatic;
				COMBINE_HIDPI_IMAGES = YES;
				DEVELOPMENT_TEAM = 66TVRTPQ3V;
				ENABLE_HARDENED_RUNTIME = YES;
				ENABLE_PREVIEWS = YES;
				INFOPLIST_FILE = macOS/Info.plist;
				LD_RUNPATH_SEARCH_PATHS = (
					"$(inherited)",
					"@executable_path/../Frameworks",
				);
				MACOSX_DEPLOYMENT_TARGET = 11.0;
				PRODUCT_BUNDLE_IDENTIFIER = "Dustin.V01D.Olsen.HWS-Project-14";
				PRODUCT_NAME = "HWS Project 14";
				SDKROOT = macosx;
				SWIFT_VERSION = 5.0;
			};
			name = Release;
		};
/* End XCBuildConfiguration section */

/* Begin XCConfigurationList section */
		BB49BB2C261F4F8F00A708A2 /* Build configuration list for PBXProject "HWS Project 14" */ = {
			isa = XCConfigurationList;
			buildConfigurations = (
				BB49BB47261F4F9000A708A2 /* Debug */,
				BB49BB48261F4F9000A708A2 /* Release */,
			);
			defaultConfigurationIsVisible = 0;
			defaultConfigurationName = Release;
		};
		BB49BB49261F4F9000A708A2 /* Build configuration list for PBXNativeTarget "HWS Project 14 (iOS)" */ = {
			isa = XCConfigurationList;
			buildConfigurations = (
				BB49BB4A261F4F9000A708A2 /* Debug */,
				BB49BB4B261F4F9000A708A2 /* Release */,
			);
			defaultConfigurationIsVisible = 0;
			defaultConfigurationName = Release;
		};
		BB49BB4C261F4F9000A708A2 /* Build configuration list for PBXNativeTarget "HWS Project 14 (macOS)" */ = {
			isa = XCConfigurationList;
			buildConfigurations = (
				BB49BB4D261F4F9000A708A2 /* Debug */,
				BB49BB4E261F4F9000A708A2 /* Release */,
			);
			defaultConfigurationIsVisible = 0;
			defaultConfigurationName = Release;
		};
/* End XCConfigurationList section */
	};
	rootObject = BB49BB29261F4F8F00A708A2 /* Project object */;
}
